
Microsoft Visual Studio Solution File, Format Version 12.00
# Visual Studio Version 16
VisualStudioVersion = 16.0.30907.101
MinimumVisualStudioVersion = 10.0.40219.1
Project("{FAE04EC0-301F-11D3-BF4B-00C04F79EFBC}") = "Pertemuan4", "Pertemuan4\Pertemuan4.csproj", "{04AF6F8E-16C7-4A2A-B424-6F85FA15EDC9}"
EndProject
Global
	GlobalSection(SolutionConfigurationPlatforms) = preSolution
		Debug|Any CPU = Debug|Any CPU
		Release|Any CPU = Release|Any CPU
	EndGlobalSection
	GlobalSection(ProjectConfigurationPlatforms) = postSolution
		{04AF6F8E-16C7-4A2A-B424-6F85FA15EDC9}.Debug|Any CPU.ActiveCfg = Debug|Any CPU
		{04AF6F8E-16C7-4A2A-B424-6F85FA15EDC9}.Debug|Any CPU.Build.0 = Debug|Any CPU
		{04AF6F8E-16C7-4A2A-B424-6F85FA15EDC9}.Release|Any CPU.ActiveCfg = Release|Any CPU
		{04AF6F8E-16C7-4A2A-B424-6F85FA15EDC9}.Release|Any CPU.Build.0 = Release|Any CPU
	EndGlobalSection
	GlobalSection(SolutionProperties) = preSolution
		HideSolutionNode = FALSE
	EndGlobalSection
	GlobalSection(ExtensibilityGlobals) = postSolution
		SolutionGuid = {234B1592-6932-4B20-BA72-D8251162D56F}
	EndGlobalSection
EndGlobal
